// !$*UTF8*$!
{
	archiveVersion = 1;
	classes = {
	};
	objectVersion = 46;
	objects = {

/* Begin PBXBuildFile section */
		EB2C58721EFAFA04000819B9 /* ItemType+CoreDataClass.swift in Sources */ = {isa = PBXBuildFile; fileRef = EB2C586A1EFAFA04000819B9 /* ItemType+CoreDataClass.swift */; };
		EB2C58731EFAFA04000819B9 /* ItemType+CoreDataProperties.swift in Sources */ = {isa = PBXBuildFile; fileRef = EB2C586B1EFAFA04000819B9 /* ItemType+CoreDataProperties.swift */; };
		EB2C58741EFAFA04000819B9 /* Item+CoreDataClass.swift in Sources */ = {isa = PBXBuildFile; fileRef = EB2C586C1EFAFA04000819B9 /* Item+CoreDataClass.swift */; };
		EB2C58751EFAFA04000819B9 /* Item+CoreDataProperties.swift in Sources */ = {isa = PBXBuildFile; fileRef = EB2C586D1EFAFA04000819B9 /* Item+CoreDataProperties.swift */; };
		EB2C58761EFAFA04000819B9 /* Image+CoreDataClass.swift in Sources */ = {isa = PBXBuildFile; fileRef = EB2C586E1EFAFA04000819B9 /* Image+CoreDataClass.swift */; };
		EB2C58771EFAFA04000819B9 /* Image+CoreDataProperties.swift in Sources */ = {isa = PBXBuildFile; fileRef = EB2C586F1EFAFA04000819B9 /* Image+CoreDataProperties.swift */; };
		EB2C58781EFAFA04000819B9 /* Store+CoreDataClass.swift in Sources */ = {isa = PBXBuildFile; fileRef = EB2C58701EFAFA04000819B9 /* Store+CoreDataClass.swift */; };
		EB2C58791EFAFA04000819B9 /* Store+CoreDataProperties.swift in Sources */ = {isa = PBXBuildFile; fileRef = EB2C58711EFAFA04000819B9 /* Store+CoreDataProperties.swift */; };
		EB2C587D1EFAFE87000819B9 /* MaterialView.swift in Sources */ = {isa = PBXBuildFile; fileRef = EB2C587C1EFAFE87000819B9 /* MaterialView.swift */; };
		EB2C587F1EFB00CC000819B9 /* ItemCell.swift in Sources */ = {isa = PBXBuildFile; fileRef = EB2C587E1EFB00CC000819B9 /* ItemCell.swift */; };
		EB2C58841EFB0FE0000819B9 /* ItemDetailsVC.swift in Sources */ = {isa = PBXBuildFile; fileRef = EB2C58831EFB0FE0000819B9 /* ItemDetailsVC.swift */; };
		EB2C58861EFB12BA000819B9 /* CustomTextField.swift in Sources */ = {isa = PBXBuildFile; fileRef = EB2C58851EFB12BA000819B9 /* CustomTextField.swift */; };
		EBBAB3DC1EFAB31200F748A1 /* AppDelegate.swift in Sources */ = {isa = PBXBuildFile; fileRef = EBBAB3DB1EFAB31200F748A1 /* AppDelegate.swift */; };
		EBBAB3DE1EFAB31200F748A1 /* MainVC.swift in Sources */ = {isa = PBXBuildFile; fileRef = EBBAB3DD1EFAB31200F748A1 /* MainVC.swift */; };
		EBBAB3E11EFAB31200F748A1 /* Main.storyboard in Resources */ = {isa = PBXBuildFile; fileRef = EBBAB3DF1EFAB31200F748A1 /* Main.storyboard */; };
		EBBAB3E41EFAB31200F748A1 /* DreamLister.xcdatamodeld in Sources */ = {isa = PBXBuildFile; fileRef = EBBAB3E21EFAB31200F748A1 /* DreamLister.xcdatamodeld */; };
		EBBAB3E61EFAB31200F748A1 /* Assets.xcassets in Resources */ = {isa = PBXBuildFile; fileRef = EBBAB3E51EFAB31200F748A1 /* Assets.xcassets */; };
		EBBAB3E91EFAB31200F748A1 /* LaunchScreen.storyboard in Resources */ = {isa = PBXBuildFile; fileRef = EBBAB3E71EFAB31200F748A1 /* LaunchScreen.storyboard */; };
/* End PBXBuildFile section */

/* Begin PBXFileReference section */
		EB2C586A1EFAFA04000819B9 /* ItemType+CoreDataClass.swift */ = {isa = PBXFileReference; fileEncoding = 4; lastKnownFileType = sourcecode.swift; path = "ItemType+CoreDataClass.swift"; sourceTree = "<group>"; };
		EB2C586B1EFAFA04000819B9 /* ItemType+CoreDataProperties.swift */ = {isa = PBXFileReference; fileEncoding = 4; lastKnownFileType = sourcecode.swift; path = "ItemType+CoreDataProperties.swift"; sourceTree = "<group>"; };
		EB2C586C1EFAFA04000819B9 /* Item+CoreDataClass.swift */ = {isa = PBXFileReference; fileEncoding = 4; lastKnownFileType = sourcecode.swift; path = "Item+CoreDataClass.swift"; sourceTree = "<group>"; };
		EB2C586D1EFAFA04000819B9 /* Item+CoreDataProperties.swift */ = {isa = PBXFileReference; fileEncoding = 4; lastKnownFileType = sourcecode.swift; path = "Item+CoreDataProperties.swift"; sourceTree = "<group>"; };
		EB2C586E1EFAFA04000819B9 /* Image+CoreDataClass.swift */ = {isa = PBXFileReference; fileEncoding = 4; lastKnownFileType = sourcecode.swift; path = "Image+CoreDataClass.swift"; sourceTree = "<group>"; };
		EB2C586F1EFAFA04000819B9 /* Image+CoreDataProperties.swift */ = {isa = PBXFileReference; fileEncoding = 4; lastKnownFileType = sourcecode.swift; path = "Image+CoreDataProperties.swift"; sourceTree = "<group>"; };
		EB2C58701EFAFA04000819B9 /* Store+CoreDataClass.swift */ = {isa = PBXFileReference; fileEncoding = 4; lastKnownFileType = sourcecode.swift; path = "Store+CoreDataClass.swift"; sourceTree = "<group>"; };
		EB2C58711EFAFA04000819B9 /* Store+CoreDataProperties.swift */ = {isa = PBXFileReference; fileEncoding = 4; lastKnownFileType = sourcecode.swift; path = "Store+CoreDataProperties.swift"; sourceTree = "<group>"; };
		EB2C587C1EFAFE87000819B9 /* MaterialView.swift */ = {isa = PBXFileReference; fileEncoding = 4; lastKnownFileType = sourcecode.swift; path = MaterialView.swift; sourceTree = "<group>"; };
		EB2C587E1EFB00CC000819B9 /* ItemCell.swift */ = {isa = PBXFileReference; fileEncoding = 4; lastKnownFileType = sourcecode.swift; path = ItemCell.swift; sourceTree = "<group>"; };
		EB2C58831EFB0FE0000819B9 /* ItemDetailsVC.swift */ = {isa = PBXFileReference; fileEncoding = 4; lastKnownFileType = sourcecode.swift; path = ItemDetailsVC.swift; sourceTree = "<group>"; };
		EB2C58851EFB12BA000819B9 /* CustomTextField.swift */ = {isa = PBXFileReference; fileEncoding = 4; lastKnownFileType = sourcecode.swift; path = CustomTextField.swift; sourceTree = "<group>"; };
		EBBAB3D81EFAB31200F748A1 /* DreamLister.app */ = {isa = PBXFileReference; explicitFileType = wrapper.application; includeInIndex = 0; path = DreamLister.app; sourceTree = BUILT_PRODUCTS_DIR; };
		EBBAB3DB1EFAB31200F748A1 /* AppDelegate.swift */ = {isa = PBXFileReference; lastKnownFileType = sourcecode.swift; path = AppDelegate.swift; sourceTree = "<group>"; };
		EBBAB3DD1EFAB31200F748A1 /* MainVC.swift */ = {isa = PBXFileReference; lastKnownFileType = sourcecode.swift; path = MainVC.swift; sourceTree = "<group>"; };
		EBBAB3E01EFAB31200F748A1 /* Base */ = {isa = PBXFileReference; lastKnownFileType = file.storyboard; name = Base; path = Base.lproj/Main.storyboard; sourceTree = "<group>"; };
		EBBAB3E31EFAB31200F748A1 /* DreamLister.xcdatamodel */ = {isa = PBXFileReference; lastKnownFileType = wrapper.xcdatamodel; path = DreamLister.xcdatamodel; sourceTree = "<group>"; };
		EBBAB3E51EFAB31200F748A1 /* Assets.xcassets */ = {isa = PBXFileReference; lastKnownFileType = folder.assetcatalog; path = Assets.xcassets; sourceTree = "<group>"; };
		EBBAB3E81EFAB31200F748A1 /* Base */ = {isa = PBXFileReference; lastKnownFileType = file.storyboard; name = Base; path = Base.lproj/LaunchScreen.storyboard; sourceTree = "<group>"; };
		EBBAB3EA1EFAB31200F748A1 /* Info.plist */ = {isa = PBXFileReference; lastKnownFileType = text.plist.xml; path = Info.plist; sourceTree = "<group>"; };
/* End PBXFileReference section */

/* Begin PBXFrameworksBuildPhase section */
		EBBAB3D51EFAB31200F748A1 /* Frameworks */ = {
			isa = PBXFrameworksBuildPhase;
			buildActionMask = 2147483647;
			files = (
			);
			runOnlyForDeploymentPostprocessing = 0;
		};
/* End PBXFrameworksBuildPhase section */

/* Begin PBXGroup section */
		EB2C587A1EFAFA0F000819B9 /* Generated */ = {
			isa = PBXGroup;
			children = (
				EB2C586B1EFAFA04000819B9 /* ItemType+CoreDataProperties.swift */,
				EB2C586D1EFAFA04000819B9 /* Item+CoreDataProperties.swift */,
				EB2C586F1EFAFA04000819B9 /* Image+CoreDataProperties.swift */,
				EB2C58711EFAFA04000819B9 /* Store+CoreDataProperties.swift */,
			);
			name = Generated;
			sourceTree = "<group>";
		};
		EB2C587B1EFAFE66000819B9 /* View */ = {
			isa = PBXGroup;
			children = (
				EB2C58851EFB12BA000819B9 /* CustomTextField.swift */,
				EB2C587C1EFAFE87000819B9 /* MaterialView.swift */,
				EB2C587E1EFB00CC000819B9 /* ItemCell.swift */,
			);
			name = View;
			sourceTree = "<group>";
		};
		EB2C58801EFB0FA8000819B9 /* Controller */ = {
			isa = PBXGroup;
			children = (
				EB2C58831EFB0FE0000819B9 /* ItemDetailsVC.swift */,
			);
			name = Controller;
			sourceTree = "<group>";
		};
		EBBAB3CF1EFAB31200F748A1 = {
			isa = PBXGroup;
			children = (
				EBBAB3DA1EFAB31200F748A1 /* DreamLister */,
				EBBAB3D91EFAB31200F748A1 /* Products */,
			);
			sourceTree = "<group>";
		};
		EBBAB3D91EFAB31200F748A1 /* Products */ = {
			isa = PBXGroup;
			children = (
				EBBAB3D81EFAB31200F748A1 /* DreamLister.app */,
			);
			name = Products;
			sourceTree = "<group>";
		};
		EBBAB3DA1EFAB31200F748A1 /* DreamLister */ = {
			isa = PBXGroup;
			children = (
				EBBAB4001EFAD63000F748A1 /* Model */,
				EB2C587B1EFAFE66000819B9 /* View */,
				EB2C58801EFB0FA8000819B9 /* Controller */,
				EBBAB3DB1EFAB31200F748A1 /* AppDelegate.swift */,
				EBBAB3DD1EFAB31200F748A1 /* MainVC.swift */,
				EBBAB3DF1EFAB31200F748A1 /* Main.storyboard */,
				EBBAB3E51EFAB31200F748A1 /* Assets.xcassets */,
				EBBAB3E71EFAB31200F748A1 /* LaunchScreen.storyboard */,
				EBBAB3EA1EFAB31200F748A1 /* Info.plist */,
				EBBAB3E21EFAB31200F748A1 /* DreamLister.xcdatamodeld */,
			);
			path = DreamLister;
			sourceTree = "<group>";
		};
		EBBAB4001EFAD63000F748A1 /* Model */ = {
			isa = PBXGroup;
			children = (
				EB2C586A1EFAFA04000819B9 /* ItemType+CoreDataClass.swift */,
				EB2C586C1EFAFA04000819B9 /* Item+CoreDataClass.swift */,
				EB2C586E1EFAFA04000819B9 /* Image+CoreDataClass.swift */,
				EB2C58701EFAFA04000819B9 /* Store+CoreDataClass.swift */,
				EB2C587A1EFAFA0F000819B9 /* Generated */,
			);
			name = Model;
			sourceTree = "<group>";
		};
/* End PBXGroup section */

/* Begin PBXNativeTarget section */
		EBBAB3D71EFAB31200F748A1 /* DreamLister */ = {
			isa = PBXNativeTarget;
			buildConfigurationList = EBBAB3ED1EFAB31200F748A1 /* Build configuration list for PBXNativeTarget "DreamLister" */;
			buildPhases = (
				EBBAB3D41EFAB31200F748A1 /* Sources */,
				EBBAB3D51EFAB31200F748A1 /* Frameworks */,
				EBBAB3D61EFAB31200F748A1 /* Resources */,
			);
			buildRules = (
			);
			dependencies = (
			);
			name = DreamLister;
			productName = DreamLister;
			productReference = EBBAB3D81EFAB31200F748A1 /* DreamLister.app */;
			productType = "com.apple.product-type.application";
		};
/* End PBXNativeTarget section */

/* Begin PBXProject section */
		EBBAB3D01EFAB31200F748A1 /* Project object */ = {
			isa = PBXProject;
			attributes = {
				LastSwiftUpdateCheck = 0830;
				LastUpgradeCheck = 0830;
				ORGANIZATIONNAME = "the Luckiest";
				TargetAttributes = {
					EBBAB3D71EFAB31200F748A1 = {
						CreatedOnToolsVersion = 8.3.3;
						DevelopmentTeam = Z59CRYWHG5;
						ProvisioningStyle = Automatic;
					};
				};
			};
			buildConfigurationList = EBBAB3D31EFAB31200F748A1 /* Build configuration list for PBXProject "DreamLister" */;
			compatibilityVersion = "Xcode 3.2";
			developmentRegion = English;
			hasScannedForEncodings = 0;
			knownRegions = (
				en,
				Base,
			);
			mainGroup = EBBAB3CF1EFAB31200F748A1;
			productRefGroup = EBBAB3D91EFAB31200F748A1 /* Products */;
			projectDirPath = "";
			projectRoot = "";
			targets = (
				EBBAB3D71EFAB31200F748A1 /* DreamLister */,
			);
		};
/* End PBXProject section */

/* Begin PBXResourcesBuildPhase section */
		EBBAB3D61EFAB31200F748A1 /* Resources */ = {
			isa = PBXResourcesBuildPhase;
			buildActionMask = 2147483647;
			files = (
				EBBAB3E91EFAB31200F748A1 /* LaunchScreen.storyboard in Resources */,
				EBBAB3E61EFAB31200F748A1 /* Assets.xcassets in Resources */,
				EBBAB3E11EFAB31200F748A1 /* Main.storyboard in Resources */,
			);
			runOnlyForDeploymentPostprocessing = 0;
		};
/* End PBXResourcesBuildPhase section */

/* Begin PBXSourcesBuildPhase section */
		EBBAB3D41EFAB31200F748A1 /* Sources */ = {
			isa = PBXSourcesBuildPhase;
			buildActionMask = 2147483647;
			files = (
				EB2C587F1EFB00CC000819B9 /* ItemCell.swift in Sources */,
				EB2C58771EFAFA04000819B9 /* Image+CoreDataProperties.swift in Sources */,
				EB2C58751EFAFA04000819B9 /* Item+CoreDataProperties.swift in Sources */,
				EB2C58741EFAFA04000819B9 /* Item+CoreDataClass.swift in Sources */,
				EB2C587D1EFAFE87000819B9 /* MaterialView.swift in Sources */,
				EB2C58721EFAFA04000819B9 /* ItemType+CoreDataClass.swift in Sources */,
				EB2C58791EFAFA04000819B9 /* Store+CoreDataProperties.swift in Sources */,
				EB2C58761EFAFA04000819B9 /* Image+CoreDataClass.swift in Sources */,
				EB2C58841EFB0FE0000819B9 /* ItemDetailsVC.swift in Sources */,
				EB2C58731EFAFA04000819B9 /* ItemType+CoreDataProperties.swift in Sources */,
				EBBAB3DE1EFAB31200F748A1 /* MainVC.swift in Sources */,
				EB2C58781EFAFA04000819B9 /* Store+CoreDataClass.swift in Sources */,
				EBBAB3DC1EFAB31200F748A1 /* AppDelegate.swift in Sources */,
				EBBAB3E41EFAB31200F748A1 /* DreamLister.xcdatamodeld in Sources */,
				EB2C58861EFB12BA000819B9 /* CustomTextField.swift in Sources */,
			);
			runOnlyForDeploymentPostprocessing = 0;
		};
/* End PBXSourcesBuildPhase section */

/* Begin PBXVariantGroup section */
		EBBAB3DF1EFAB31200F748A1 /* Main.storyboard */ = {
			isa = PBXVariantGroup;
			children = (
				EBBAB3E01EFAB31200F748A1 /* Base */,
			);
			name = Main.storyboard;
			sourceTree = "<group>";
		};
		EBBAB3E71EFAB31200F748A1 /* LaunchScreen.storyboard */ = {
			isa = PBXVariantGroup;
			children = (
				EBBAB3E81EFAB31200F748A1 /* Base */,
			);
			name = LaunchScreen.storyboard;
			sourceTree = "<group>";
		};
/* End PBXVariantGroup section */

/* Begin XCBuildConfiguration section */
		EBBAB3EB1EFAB31200F748A1 /* Debug */ = {
			isa = XCBuildConfiguration;
			buildSettings = {
				ALWAYS_SEARCH_USER_PATHS = NO;
				CLANG_ANALYZER_NONNULL = YES;
				CLANG_ANALYZER_NUMBER_OBJECT_CONVERSION = YES_AGGRESSIVE;
				CLANG_CXX_LANGUAGE_STANDARD = "gnu++0x";
				CLANG_CXX_LIBRARY = "libc++";
				CLANG_ENABLE_MODULES = YES;
				CLANG_ENABLE_OBJC_ARC = YES;
				CLANG_WARN_BOOL_CONVERSION = YES;
				CLANG_WARN_CONSTANT_CONVERSION = YES;
				CLANG_WARN_DIRECT_OBJC_ISA_USAGE = YES_ERROR;
				CLANG_WARN_DOCUMENTATION_COMMENTS = YES;
				CLANG_WARN_EMPTY_BODY = YES;
				CLANG_WARN_ENUM_CONVERSION = YES;
				CLANG_WARN_INFINITE_RECURSION = YES;
				CLANG_WARN_INT_CONVERSION = YES;
				CLANG_WARN_OBJC_ROOT_CLASS = YES_ERROR;
				CLANG_WARN_SUSPICIOUS_MOVE = YES;
				CLANG_WARN_UNREACHABLE_CODE = YES;
				CLANG_WARN__DUPLICATE_METHOD_MATCH = YES;
				"CODE_SIGN_IDENTITY[sdk=iphoneos*]" = "iPhone Developer";
				COPY_PHASE_STRIP = NO;
				DEBUG_INFORMATION_FORMAT = dwarf;
				ENABLE_STRICT_OBJC_MSGSEND = YES;
				ENABLE_TESTABILITY = YES;
				GCC_C_LANGUAGE_STANDARD = gnu99;
				GCC_DYNAMIC_NO_PIC = NO;
				GCC_NO_COMMON_BLOCKS = YES;
				GCC_OPTIMIZATION_LEVEL = 0;
				GCC_PREPROCESSOR_DEFINITIONS = (
					"DEBUG=1",
					"$(inherited)",
				);
				GCC_WARN_64_TO_32_BIT_CONVERSION = YES;
				GCC_WARN_ABOUT_RETURN_TYPE = YES_ERROR;
				GCC_WARN_UNDECLARED_SELECTOR = YES;
				GCC_WARN_UNINITIALIZED_AUTOS = YES_AGGRESSIVE;
				GCC_WARN_UNUSED_FUNCTION = YES;
				GCC_WARN_UNUSED_VARIABLE = YES;
				IPHONEOS_DEPLOYMENT_TARGET = 10.3;
				MTL_ENABLE_DEBUG_INFO = YES;
				ONLY_ACTIVE_ARCH = YES;
				SDKROOT = iphoneos;
				SWIFT_ACTIVE_COMPILATION_CONDITIONS = DEBUG;
				SWIFT_OPTIMIZATION_LEVEL = "-Onone";
				TARGETED_DEVICE_FAMILY = "1,2";
			};
			name = Debug;
		};
		EBBAB3EC1EFAB31200F748A1 /* Release */ = {
			isa = XCBuildConfiguration;
			buildSettings = {
				ALWAYS_SEARCH_USER_PATHS = NO;
				CLANG_ANALYZER_NONNULL = YES;
				CLANG_ANALYZER_NUMBER_OBJECT_CONVERSION = YES_AGGRESSIVE;
				CLANG_CXX_LANGUAGE_STANDARD = "gnu++0x";
				CLANG_CXX_LIBRARY = "libc++";
				CLANG_ENABLE_MODULES = YES;
				CLANG_ENABLE_OBJC_ARC = YES;
				CLANG_WARN_BOOL_CONVERSION = YES;
				CLANG_WARN_CONSTANT_CONVERSION = YES;
				CLANG_WARN_DIRECT_OBJC_ISA_USAGE = YES_ERROR;
				CLANG_WARN_DOCUMENTATION_COMMENTS = YES;
				CLANG_WARN_EMPTY_BODY = YES;
				CLANG_WARN_ENUM_CONVERSION = YES;
				CLANG_WARN_INFINITE_RECURSION = YES;
				CLANG_WARN_INT_CONVERSION = YES;
				CLANG_WARN_OBJC_ROOT_CLASS = YES_ERROR;
				CLANG_WARN_SUSPICIOUS_MOVE = YES;
				CLANG_WARN_UNREACHABLE_CODE = YES;
				CLANG_WARN__DUPLICATE_METHOD_MATCH = YES;
				"CODE_SIGN_IDENTITY[sdk=iphoneos*]" = "iPhone Developer";
				COPY_PHASE_STRIP = NO;
				DEBUG_INFORMATION_FORMAT = "dwarf-with-dsym";
				ENABLE_NS_ASSERTIONS = NO;
				ENABLE_STRICT_OBJC_MSGSEND = YES;
				GCC_C_LANGUAGE_STANDARD = gnu99;
				GCC_NO_COMMON_BLOCKS = YES;
				GCC_WARN_64_TO_32_BIT_CONVERSION = YES;
				GCC_WARN_ABOUT_RETURN_TYPE = YES_ERROR;
				GCC_WARN_UNDECLARED_SELECTOR = YES;
				GCC_WARN_UNINITIALIZED_AUTOS = YES_AGGRESSIVE;
				GCC_WARN_UNUSED_FUNCTION = YES;
				GCC_WARN_UNUSED_VARIABLE = YES;
				IPHONEOS_DEPLOYMENT_TARGET = 10.3;
				MTL_ENABLE_DEBUG_INFO = NO;
				SDKROOT = iphoneos;
				SWIFT_OPTIMIZATION_LEVEL = "-Owholemodule";
				TARGETED_DEVICE_FAMILY = "1,2";
				VALIDATE_PRODUCT = YES;
			};
			name = Release;
		};
		EBBAB3EE1EFAB31200F748A1 /* Debug */ = {
			isa = XCBuildConfiguration;
			buildSettings = {
				ASSETCATALOG_COMPILER_APPICON_NAME = AppIcon;
				DEVELOPMENT_TEAM = Z59CRYWHG5;
				INFOPLIST_FILE = DreamLister/Info.plist;
				LD_RUNPATH_SEARCH_PATHS = "$(inherited) @executable_path/Frameworks";
				PRODUCT_BUNDLE_IDENTIFIER = com.master.DreamLister;
				PRODUCT_NAME = "$(TARGET_NAME)";
				SWIFT_VERSION = 3.0;
			};
			name = Debug;
		};
		EBBAB3EF1EFAB31200F748A1 /* Release */ = {
			isa = XCBuildConfiguration;
			buildSettings = {
				ASSETCATALOG_COMPILER_APPICON_NAME = AppIcon;
				DEVELOPMENT_TEAM = Z59CRYWHG5;
				INFOPLIST_FILE = DreamLister/Info.plist;
				LD_RUNPATH_SEARCH_PATHS = "$(inherited) @executable_path/Frameworks";
				PRODUCT_BUNDLE_IDENTIFIER = com.master.DreamLister;
				PRODUCT_NAME = "$(TARGET_NAME)";
				SWIFT_VERSION = 3.0;
			};
			name = Release;
		};
/* End XCBuildConfiguration section */

/* Begin XCConfigurationList section */
		EBBAB3D31EFAB31200F748A1 /* Build configuration list for PBXProject "DreamLister" */ = {
			isa = XCConfigurationList;
			buildConfigurations = (
				EBBAB3EB1EFAB31200F748A1 /* Debug */,
				EBBAB3EC1EFAB31200F748A1 /* Release */,
			);
			defaultConfigurationIsVisible = 0;
			defaultConfigurationName = Release;
		};
		EBBAB3ED1EFAB31200F748A1 /* Build configuration list for PBXNativeTarget "DreamLister" */ = {
			isa = XCConfigurationList;
			buildConfigurations = (
				EBBAB3EE1EFAB31200F748A1 /* Debug */,
				EBBAB3EF1EFAB31200F748A1 /* Release */,
			);
			defaultConfigurationIsVisible = 0;
			defaultConfigurationName = Release;
		};
/* End XCConfigurationList section */

/* Begin XCVersionGroup section */
		EBBAB3E21EFAB31200F748A1 /* DreamLister.xcdatamodeld */ = {
			isa = XCVersionGroup;
			children = (
				EBBAB3E31EFAB31200F748A1 /* DreamLister.xcdatamodel */,
			);
			currentVersion = EBBAB3E31EFAB31200F748A1 /* DreamLister.xcdatamodel */;
			path = DreamLister.xcdatamodeld;
			sourceTree = "<group>";
			versionGroupType = wrapper.xcdatamodel;
		};
/* End XCVersionGroup section */
	};
	rootObject = EBBAB3D01EFAB31200F748A1 /* Project object */;
}
